
Microsoft Visual Studio Solution File, Format Version 12.00
# Visual Studio Version 17
VisualStudioVersion = 17.7.34024.191
MinimumVisualStudioVersion = 10.0.40219.1
Project("{FAE04EC0-301F-11D3-BF4B-00C04F79EFBC}") = "HW-03", "HW-03\HW-03.csproj", "{BE45D8FE-D6EB-494A-9BC4-79B6DEED0017}"
EndProject
Global
	GlobalSection(SolutionConfigurationPlatforms) = preSolution
		Debug|Any CPU = Debug|Any CPU
		Release|Any CPU = Release|Any CPU
	EndGlobalSection
	GlobalSection(ProjectConfigurationPlatforms) = postSolution
		{BE45D8FE-D6EB-494A-9BC4-79B6DEED0017}.Debug|Any CPU.ActiveCfg = Debug|Any CPU
		{BE45D8FE-D6EB-494A-9BC4-79B6DEED0017}.Debug|Any CPU.Build.0 = Debug|Any CPU
		{BE45D8FE-D6EB-494A-9BC4-79B6DEED0017}.Release|Any CPU.ActiveCfg = Release|Any CPU
		{BE45D8FE-D6EB-494A-9BC4-79B6DEED0017}.Release|Any CPU.Build.0 = Release|Any CPU
	EndGlobalSection
	GlobalSection(SolutionProperties) = preSolution
		HideSolutionNode = FALSE
	EndGlobalSection
	GlobalSection(ExtensibilityGlobals) = postSolution
		SolutionGuid = {AAC6AB82-8CF6-45E1-826B-BC6C96B52F94}
	EndGlobalSection
EndGlobal
